
Microsoft Visual Studio Solution File, Format Version 12.00
# Visual Studio Version 17
VisualStudioVersion = 17.7.34221.43
MinimumVisualStudioVersion = 10.0.40219.1
Project("{FAE04EC0-301F-11D3-BF4B-00C04F79EFBC}") = "Homework_15_11", "Homework_15_11.csproj", "{34EE49D7-173B-4E3D-B431-B3FC53CEEA9F}"
EndProject
Global
	GlobalSection(SolutionConfigurationPlatforms) = preSolution
		Debug|Any CPU = Debug|Any CPU
		Release|Any CPU = Release|Any CPU
	EndGlobalSection
	GlobalSection(ProjectConfigurationPlatforms) = postSolution
		{34EE49D7-173B-4E3D-B431-B3FC53CEEA9F}.Debug|Any CPU.ActiveCfg = Debug|Any CPU
		{34EE49D7-173B-4E3D-B431-B3FC53CEEA9F}.Debug|Any CPU.Build.0 = Debug|Any CPU
		{34EE49D7-173B-4E3D-B431-B3FC53CEEA9F}.Release|Any CPU.ActiveCfg = Release|Any CPU
		{34EE49D7-173B-4E3D-B431-B3FC53CEEA9F}.Release|Any CPU.Build.0 = Release|Any CPU
	EndGlobalSection
	GlobalSection(SolutionProperties) = preSolution
		HideSolutionNode = FALSE
	EndGlobalSection
	GlobalSection(ExtensibilityGlobals) = postSolution
		SolutionGuid = {AC4F4642-9BD2-4023-84A4-68D9552E2376}
	EndGlobalSection
EndGlobal
